
Microsoft Visual Studio Solution File, Format Version 12.00
# Visual Studio Version 16
VisualStudioVersion = 16.0.31702.278
MinimumVisualStudioVersion = 10.0.40219.1
Project("{9A19103F-16F7-4668-BE54-9A1E7A4F7556}") = "NoNameLogger", "NoNameLogger\NoNameLogger.csproj", "{08B8267D-98CD-454F-90A5-1F400C32F7AA}"
EndProject
Project("{9A19103F-16F7-4668-BE54-9A1E7A4F7556}") = "NoNameLoggerMsSql", "NoNameLoggerMsSql\NoNameLoggerMsSql.csproj", "{C6546BFD-3BC0-46E1-B02E-F8C15C6BC593}"
EndProject
Project("{9A19103F-16F7-4668-BE54-9A1E7A4F7556}") = "NoNameLoggerMsSqlServerDataProvider", "NoNameLoggerMsSqlServerDataProvider\NoNameLoggerMsSqlServerDataProvider.csproj", "{D33351EF-3278-4233-8F40-B090244ACCB5}"
EndProject
Project("{9A19103F-16F7-4668-BE54-9A1E7A4F7556}") = "NoNameLoggerUI", "NoNameLoggerUI\NoNameLoggerUI.csproj", "{D927ABE9-4E36-4C7A-AF7F-7C94F1016CE7}"
EndProject
Project("{9A19103F-16F7-4668-BE54-9A1E7A4F7556}") = "NoNameLogger.AspNetCore", "NoNameLogger.AspNetCore\NoNameLogger.AspNetCore.csproj", "{41A548CD-2398-49C8-82DB-D76E12B7F3EC}"
EndProject
Project("{9A19103F-16F7-4668-BE54-9A1E7A4F7556}") = "NoNameLoggerMySQL", "NoNameLoggerMySQL\NoNameLoggerMySQL.csproj", "{035F9271-B213-4891-A0FD-65EFB1B27AEB}"
EndProject
Project("{FAE04EC0-301F-11D3-BF4B-00C04F79EFBC}") = "NoNameLoggerMySqlDataProvider", "NoNameLoggerMySqlDataProvider\NoNameLoggerMySqlDataProvider.csproj", "{4FEC2931-DDEA-4033-A697-00699477D6CC}"
EndProject
Global
	GlobalSection(SolutionConfigurationPlatforms) = preSolution
		Debug|Any CPU = Debug|Any CPU
		Release|Any CPU = Release|Any CPU
	EndGlobalSection
	GlobalSection(ProjectConfigurationPlatforms) = postSolution
		{08B8267D-98CD-454F-90A5-1F400C32F7AA}.Debug|Any CPU.ActiveCfg = Debug|Any CPU
		{08B8267D-98CD-454F-90A5-1F400C32F7AA}.Debug|Any CPU.Build.0 = Debug|Any CPU
		{08B8267D-98CD-454F-90A5-1F400C32F7AA}.Release|Any CPU.ActiveCfg = Release|Any CPU
		{08B8267D-98CD-454F-90A5-1F400C32F7AA}.Release|Any CPU.Build.0 = Release|Any CPU
		{C6546BFD-3BC0-46E1-B02E-F8C15C6BC593}.Debug|Any CPU.ActiveCfg = Debug|Any CPU
		{C6546BFD-3BC0-46E1-B02E-F8C15C6BC593}.Debug|Any CPU.Build.0 = Debug|Any CPU
		{C6546BFD-3BC0-46E1-B02E-F8C15C6BC593}.Release|Any CPU.ActiveCfg = Release|Any CPU
		{C6546BFD-3BC0-46E1-B02E-F8C15C6BC593}.Release|Any CPU.Build.0 = Release|Any CPU
		{D33351EF-3278-4233-8F40-B090244ACCB5}.Debug|Any CPU.ActiveCfg = Debug|Any CPU
		{D33351EF-3278-4233-8F40-B090244ACCB5}.Debug|Any CPU.Build.0 = Debug|Any CPU
		{D33351EF-3278-4233-8F40-B090244ACCB5}.Release|Any CPU.ActiveCfg = Release|Any CPU
		{D33351EF-3278-4233-8F40-B090244ACCB5}.Release|Any CPU.Build.0 = Release|Any CPU
		{D927ABE9-4E36-4C7A-AF7F-7C94F1016CE7}.Debug|Any CPU.ActiveCfg = Debug|Any CPU
		{D927ABE9-4E36-4C7A-AF7F-7C94F1016CE7}.Debug|Any CPU.Build.0 = Debug|Any CPU
		{D927ABE9-4E36-4C7A-AF7F-7C94F1016CE7}.Release|Any CPU.ActiveCfg = Release|Any CPU
		{D927ABE9-4E36-4C7A-AF7F-7C94F1016CE7}.Release|Any CPU.Build.0 = Release|Any CPU
		{41A548CD-2398-49C8-82DB-D76E12B7F3EC}.Debug|Any CPU.ActiveCfg = Debug|Any CPU
		{41A548CD-2398-49C8-82DB-D76E12B7F3EC}.Debug|Any CPU.Build.0 = Debug|Any CPU
		{41A548CD-2398-49C8-82DB-D76E12B7F3EC}.Release|Any CPU.ActiveCfg = Release|Any CPU
		{41A548CD-2398-49C8-82DB-D76E12B7F3EC}.Release|Any CPU.Build.0 = Release|Any CPU
		{035F9271-B213-4891-A0FD-65EFB1B27AEB}.Debug|Any CPU.ActiveCfg = Debug|Any CPU
		{035F9271-B213-4891-A0FD-65EFB1B27AEB}.Debug|Any CPU.Build.0 = Debug|Any CPU
		{035F9271-B213-4891-A0FD-65EFB1B27AEB}.Release|Any CPU.ActiveCfg = Release|Any CPU
		{035F9271-B213-4891-A0FD-65EFB1B27AEB}.Release|Any CPU.Build.0 = Release|Any CPU
		{4FEC2931-DDEA-4033-A697-00699477D6CC}.Debug|Any CPU.ActiveCfg = Debug|Any CPU
		{4FEC2931-DDEA-4033-A697-00699477D6CC}.Debug|Any CPU.Build.0 = Debug|Any CPU
		{4FEC2931-DDEA-4033-A697-00699477D6CC}.Release|Any CPU.ActiveCfg = Release|Any CPU
		{4FEC2931-DDEA-4033-A697-00699477D6CC}.Release|Any CPU.Build.0 = Release|Any CPU
	EndGlobalSection
	GlobalSection(SolutionProperties) = preSolution
		HideSolutionNode = FALSE
	EndGlobalSection
	GlobalSection(ExtensibilityGlobals) = postSolution
		SolutionGuid = {9F34EB56-C0E4-423A-B516-E2565F428BC0}
	EndGlobalSection
EndGlobal
